
Microsoft Visual Studio Solution File, Format Version 12.00
# Visual Studio Version 17
VisualStudioVersion = 17.3.32901.215
MinimumVisualStudioVersion = 10.0.40219.1
Project("{FAE04EC0-301F-11D3-BF4B-00C04F79EFBC}") = "Teglalap", "Teglalap\Teglalap.csproj", "{D0EC0E4A-15FC-4160-9060-2439994D859C}"
EndProject
Global
	GlobalSection(SolutionConfigurationPlatforms) = preSolution
		Debug|Any CPU = Debug|Any CPU
		Release|Any CPU = Release|Any CPU
	EndGlobalSection
	GlobalSection(ProjectConfigurationPlatforms) = postSolution
		{D0EC0E4A-15FC-4160-9060-2439994D859C}.Debug|Any CPU.ActiveCfg = Debug|Any CPU
		{D0EC0E4A-15FC-4160-9060-2439994D859C}.Debug|Any CPU.Build.0 = Debug|Any CPU
		{D0EC0E4A-15FC-4160-9060-2439994D859C}.Release|Any CPU.ActiveCfg = Release|Any CPU
		{D0EC0E4A-15FC-4160-9060-2439994D859C}.Release|Any CPU.Build.0 = Release|Any CPU
	EndGlobalSection
	GlobalSection(SolutionProperties) = preSolution
		HideSolutionNode = FALSE
	EndGlobalSection
	GlobalSection(ExtensibilityGlobals) = postSolution
		SolutionGuid = {94068839-8211-4956-8538-2E08F7438371}
	EndGlobalSection
EndGlobal
